PODS:
  - KwiksSystemsPopups (0.1.5)

DEPENDENCIES:
  - KwiksSystemsPopups (from `../`)

EXTERNAL SOURCES:
  KwiksSystemsPopups:
    :path: "../"

SPEC CHECKSUMS:
  KwiksSystemsPopups: 650f3bb8069a585007000e4b927db32f7cbc8e27

PODFILE CHECKSUM: 154ed76d9df1eaf6bafb661e5bdce9c8aa44ff52

COCOAPODS: 1.12.1
